
Microsoft Visual Studio Solution File, Format Version 12.00
# Visual Studio Version 16
VisualStudioVersion = 16.0.31410.357
MinimumVisualStudioVersion = 10.0.40219.1
Project("{FAE04EC0-301F-11D3-BF4B-00C04F79EFBC}") = "Entidades", "Entidades\Entidades.csproj", "{941571BB-5050-40B7-9237-573E7083CEDF}"
EndProject
Global
	GlobalSection(SolutionConfigurationPlatforms) = preSolution
		Debug|Any CPU = Debug|Any CPU
		Release|Any CPU = Release|Any CPU
	EndGlobalSection
	GlobalSection(ProjectConfigurationPlatforms) = postSolution
		{941571BB-5050-40B7-9237-573E7083CEDF}.Debug|Any CPU.ActiveCfg = Debug|Any CPU
		{941571BB-5050-40B7-9237-573E7083CEDF}.Debug|Any CPU.Build.0 = Debug|Any CPU
		{941571BB-5050-40B7-9237-573E7083CEDF}.Release|Any CPU.ActiveCfg = Release|Any CPU
		{941571BB-5050-40B7-9237-573E7083CEDF}.Release|Any CPU.Build.0 = Release|Any CPU
	EndGlobalSection
	GlobalSection(SolutionProperties) = preSolution
		HideSolutionNode = FALSE
	EndGlobalSection
	GlobalSection(ExtensibilityGlobals) = postSolution
		SolutionGuid = {8D2C9904-B44A-4DE9-8CE4-CF1A996C965E}
	EndGlobalSection
EndGlobal
